
Microsoft Visual Studio Solution File, Format Version 12.00
# Visual Studio Version 17
VisualStudioVersion = 17.8.34525.116
MinimumVisualStudioVersion = 10.0.40219.1
Project("{FAE04EC0-301F-11D3-BF4B-00C04F79EFBC}") = "SportsStoreV2", "SportsStoreV2\SportsStoreV2.csproj", "{D0A26227-7B0B-4F20-AEB2-C79343176EE9}"
EndProject
Global
	GlobalSection(SolutionConfigurationPlatforms) = preSolution
		Debug|Any CPU = Debug|Any CPU
		Release|Any CPU = Release|Any CPU
	EndGlobalSection
	GlobalSection(ProjectConfigurationPlatforms) = postSolution
		{D0A26227-7B0B-4F20-AEB2-C79343176EE9}.Debug|Any CPU.ActiveCfg = Debug|Any CPU
		{D0A26227-7B0B-4F20-AEB2-C79343176EE9}.Debug|Any CPU.Build.0 = Debug|Any CPU
		{D0A26227-7B0B-4F20-AEB2-C79343176EE9}.Release|Any CPU.ActiveCfg = Release|Any CPU
		{D0A26227-7B0B-4F20-AEB2-C79343176EE9}.Release|Any CPU.Build.0 = Release|Any CPU
	EndGlobalSection
	GlobalSection(SolutionProperties) = preSolution
		HideSolutionNode = FALSE
	EndGlobalSection
	GlobalSection(ExtensibilityGlobals) = postSolution
		SolutionGuid = {00890BE0-A88C-4443-A2C5-E6B1EF48C492}
	EndGlobalSection
EndGlobal
